
Microsoft Visual Studio Solution File, Format Version 12.00
# Visual Studio Version 17
VisualStudioVersion = 17.13.35818.85
MinimumVisualStudioVersion = 10.0.40219.1
Project("{FAE04EC0-301F-11D3-BF4B-00C04F79EFBC}") = "MilkTea_Admin_CRUD", "MilkTea_Admin_CRUD\MilkTea_Admin_CRUD.csproj", "{0BE47EB5-359F-4984-97B1-8B0506112D32}"
EndProject
Project("{FAE04EC0-301F-11D3-BF4B-00C04F79EFBC}") = "Repository", "Repository\Repository.csproj", "{A2BA8925-7180-4BE3-971F-7C4F7B8B470B}"
EndProject
Project("{FAE04EC0-301F-11D3-BF4B-00C04F79EFBC}") = "Services", "Services\Services.csproj", "{47D85742-3B27-418E-97BF-EA73D25F46E3}"
EndProject
Project("{FAE04EC0-301F-11D3-BF4B-00C04F79EFBC}") = "BussinessObject", "BussinessObject\BussinessObject.csproj", "{33C5C6C4-C220-4120-8E1C-98403CAB6274}"
EndProject
Project("{FAE04EC0-301F-11D3-BF4B-00C04F79EFBC}") = "MilkTea_Customer", "MilkTea_Customer\MilkTea_Customer.csproj", "{F480CB4E-F238-443D-8B60-4108AF029B44}"
EndProject
Global
	GlobalSection(SolutionConfigurationPlatforms) = preSolution
		Debug|Any CPU = Debug|Any CPU
		Release|Any CPU = Release|Any CPU
	EndGlobalSection
	GlobalSection(ProjectConfigurationPlatforms) = postSolution
		{0BE47EB5-359F-4984-97B1-8B0506112D32}.Debug|Any CPU.ActiveCfg = Debug|Any CPU
		{0BE47EB5-359F-4984-97B1-8B0506112D32}.Debug|Any CPU.Build.0 = Debug|Any CPU
		{0BE47EB5-359F-4984-97B1-8B0506112D32}.Release|Any CPU.ActiveCfg = Release|Any CPU
		{0BE47EB5-359F-4984-97B1-8B0506112D32}.Release|Any CPU.Build.0 = Release|Any CPU
		{A2BA8925-7180-4BE3-971F-7C4F7B8B470B}.Debug|Any CPU.ActiveCfg = Debug|Any CPU
		{A2BA8925-7180-4BE3-971F-7C4F7B8B470B}.Debug|Any CPU.Build.0 = Debug|Any CPU
		{A2BA8925-7180-4BE3-971F-7C4F7B8B470B}.Release|Any CPU.ActiveCfg = Release|Any CPU
		{A2BA8925-7180-4BE3-971F-7C4F7B8B470B}.Release|Any CPU.Build.0 = Release|Any CPU
		{47D85742-3B27-418E-97BF-EA73D25F46E3}.Debug|Any CPU.ActiveCfg = Debug|Any CPU
		{47D85742-3B27-418E-97BF-EA73D25F46E3}.Debug|Any CPU.Build.0 = Debug|Any CPU
		{47D85742-3B27-418E-97BF-EA73D25F46E3}.Release|Any CPU.ActiveCfg = Release|Any CPU
		{47D85742-3B27-418E-97BF-EA73D25F46E3}.Release|Any CPU.Build.0 = Release|Any CPU
		{33C5C6C4-C220-4120-8E1C-98403CAB6274}.Debug|Any CPU.ActiveCfg = Debug|Any CPU
		{33C5C6C4-C220-4120-8E1C-98403CAB6274}.Debug|Any CPU.Build.0 = Debug|Any CPU
		{33C5C6C4-C220-4120-8E1C-98403CAB6274}.Release|Any CPU.ActiveCfg = Release|Any CPU
		{33C5C6C4-C220-4120-8E1C-98403CAB6274}.Release|Any CPU.Build.0 = Release|Any CPU
		{F480CB4E-F238-443D-8B60-4108AF029B44}.Debug|Any CPU.ActiveCfg = Debug|Any CPU
		{F480CB4E-F238-443D-8B60-4108AF029B44}.Debug|Any CPU.Build.0 = Debug|Any CPU
		{F480CB4E-F238-443D-8B60-4108AF029B44}.Release|Any CPU.ActiveCfg = Release|Any CPU
		{F480CB4E-F238-443D-8B60-4108AF029B44}.Release|Any CPU.Build.0 = Release|Any CPU
	EndGlobalSection
	GlobalSection(SolutionProperties) = preSolution
		HideSolutionNode = FALSE
	EndGlobalSection
	GlobalSection(ExtensibilityGlobals) = postSolution
		SolutionGuid = {5EBC5EF8-BC1B-423D-8646-A593089480AD}
	EndGlobalSection
EndGlobal
